
Microsoft Visual Studio Solution File, Format Version 12.00
# Visual Studio Version 16
VisualStudioVersion = 16.0.810.23
MinimumVisualStudioVersion = 10.0.40219.1
Project("{FAE04EC0-301F-11D3-BF4B-00C04F79EFBC}") = "MySkiaPlayground.Android", "MySkiaPlayground.Android\MySkiaPlayground.Android.csproj", "{590AA3F1-5233-4ABD-BFE4-F6AD32E87C5F}"
EndProject
Project("{FAE04EC0-301F-11D3-BF4B-00C04F79EFBC}") = "MySkiaPlayground.iOS", "MySkiaPlayground.iOS\MySkiaPlayground.iOS.csproj", "{425D27EC-B226-4F76-B0FC-536E1BC2590D}"
EndProject
Project("{FAE04EC0-301F-11D3-BF4B-00C04F79EFBC}") = "MySkiaPlayground", "MySkiaPlayground\MySkiaPlayground.csproj", "{68EEEFBA-2344-474E-9FCE-8A0CC93E450B}"
EndProject
Global
	GlobalSection(SolutionConfigurationPlatforms) = preSolution
		Debug|Any CPU = Debug|Any CPU
		Release|Any CPU = Release|Any CPU
		Debug|iPhoneSimulator = Debug|iPhoneSimulator
		Release|iPhoneSimulator = Release|iPhoneSimulator
		Debug|iPhone = Debug|iPhone
		Release|iPhone = Release|iPhone
	EndGlobalSection
	GlobalSection(ProjectConfigurationPlatforms) = postSolution
		{590AA3F1-5233-4ABD-BFE4-F6AD32E87C5F}.Debug|Any CPU.ActiveCfg = Debug|Any CPU
		{590AA3F1-5233-4ABD-BFE4-F6AD32E87C5F}.Debug|Any CPU.Build.0 = Debug|Any CPU
		{590AA3F1-5233-4ABD-BFE4-F6AD32E87C5F}.Release|Any CPU.ActiveCfg = Release|Any CPU
		{590AA3F1-5233-4ABD-BFE4-F6AD32E87C5F}.Release|Any CPU.Build.0 = Release|Any CPU
		{590AA3F1-5233-4ABD-BFE4-F6AD32E87C5F}.Debug|iPhoneSimulator.ActiveCfg = Debug|Any CPU
		{590AA3F1-5233-4ABD-BFE4-F6AD32E87C5F}.Debug|iPhoneSimulator.Build.0 = Debug|Any CPU
		{590AA3F1-5233-4ABD-BFE4-F6AD32E87C5F}.Release|iPhoneSimulator.ActiveCfg = Release|Any CPU
		{590AA3F1-5233-4ABD-BFE4-F6AD32E87C5F}.Release|iPhoneSimulator.Build.0 = Release|Any CPU
		{590AA3F1-5233-4ABD-BFE4-F6AD32E87C5F}.Debug|iPhone.ActiveCfg = Debug|Any CPU
		{590AA3F1-5233-4ABD-BFE4-F6AD32E87C5F}.Debug|iPhone.Build.0 = Debug|Any CPU
		{590AA3F1-5233-4ABD-BFE4-F6AD32E87C5F}.Release|iPhone.ActiveCfg = Release|Any CPU
		{590AA3F1-5233-4ABD-BFE4-F6AD32E87C5F}.Release|iPhone.Build.0 = Release|Any CPU
		{425D27EC-B226-4F76-B0FC-536E1BC2590D}.Debug|Any CPU.ActiveCfg = Debug|iPhoneSimulator
		{425D27EC-B226-4F76-B0FC-536E1BC2590D}.Debug|Any CPU.Build.0 = Debug|iPhoneSimulator
		{425D27EC-B226-4F76-B0FC-536E1BC2590D}.Release|Any CPU.ActiveCfg = Release|iPhoneSimulator
		{425D27EC-B226-4F76-B0FC-536E1BC2590D}.Release|Any CPU.Build.0 = Release|iPhoneSimulator
		{425D27EC-B226-4F76-B0FC-536E1BC2590D}.Debug|iPhoneSimulator.ActiveCfg = Debug|iPhoneSimulator
		{425D27EC-B226-4F76-B0FC-536E1BC2590D}.Debug|iPhoneSimulator.Build.0 = Debug|iPhoneSimulator
		{425D27EC-B226-4F76-B0FC-536E1BC2590D}.Release|iPhoneSimulator.ActiveCfg = Release|iPhoneSimulator
		{425D27EC-B226-4F76-B0FC-536E1BC2590D}.Release|iPhoneSimulator.Build.0 = Release|iPhoneSimulator
		{425D27EC-B226-4F76-B0FC-536E1BC2590D}.Debug|iPhone.ActiveCfg = Debug|iPhone
		{425D27EC-B226-4F76-B0FC-536E1BC2590D}.Debug|iPhone.Build.0 = Debug|iPhone
		{425D27EC-B226-4F76-B0FC-536E1BC2590D}.Release|iPhone.ActiveCfg = Release|iPhone
		{425D27EC-B226-4F76-B0FC-536E1BC2590D}.Release|iPhone.Build.0 = Release|iPhone
		{68EEEFBA-2344-474E-9FCE-8A0CC93E450B}.Debug|Any CPU.ActiveCfg = Debug|Any CPU
		{68EEEFBA-2344-474E-9FCE-8A0CC93E450B}.Debug|Any CPU.Build.0 = Debug|Any CPU
		{68EEEFBA-2344-474E-9FCE-8A0CC93E450B}.Release|Any CPU.ActiveCfg = Release|Any CPU
		{68EEEFBA-2344-474E-9FCE-8A0CC93E450B}.Release|Any CPU.Build.0 = Release|Any CPU
		{68EEEFBA-2344-474E-9FCE-8A0CC93E450B}.Debug|iPhoneSimulator.ActiveCfg = Debug|Any CPU
		{68EEEFBA-2344-474E-9FCE-8A0CC93E450B}.Debug|iPhoneSimulator.Build.0 = Debug|Any CPU
		{68EEEFBA-2344-474E-9FCE-8A0CC93E450B}.Release|iPhoneSimulator.ActiveCfg = Release|Any CPU
		{68EEEFBA-2344-474E-9FCE-8A0CC93E450B}.Release|iPhoneSimulator.Build.0 = Release|Any CPU
		{68EEEFBA-2344-474E-9FCE-8A0CC93E450B}.Debug|iPhone.ActiveCfg = Debug|Any CPU
		{68EEEFBA-2344-474E-9FCE-8A0CC93E450B}.Debug|iPhone.Build.0 = Debug|Any CPU
		{68EEEFBA-2344-474E-9FCE-8A0CC93E450B}.Release|iPhone.ActiveCfg = Release|Any CPU
		{68EEEFBA-2344-474E-9FCE-8A0CC93E450B}.Release|iPhone.Build.0 = Release|Any CPU
	EndGlobalSection
	GlobalSection(SolutionProperties) = preSolution
		HideSolutionNode = FALSE
	EndGlobalSection
	GlobalSection(ExtensibilityGlobals) = postSolution
		SolutionGuid = {3B89E8F4-D023-4B49-88CA-C96528481BC4}
	EndGlobalSection
EndGlobal
